
Microsoft Visual Studio Solution File, Format Version 12.00
# Visual Studio 15
VisualStudioVersion = 15.0.28307.168
MinimumVisualStudioVersion = 10.0.40219.1
Project("{FAE04EC0-301F-11D3-BF4B-00C04F79EFBC}") = "d", "d\d.csproj", "{54794857-9E50-4771-86D3-910A4D614B1E}"
EndProject
Global
	GlobalSection(SolutionConfigurationPlatforms) = preSolution
		Debug|Any CPU = Debug|Any CPU
		Release|Any CPU = Release|Any CPU
	EndGlobalSection
	GlobalSection(ProjectConfigurationPlatforms) = postSolution
		{54794857-9E50-4771-86D3-910A4D614B1E}.Debug|Any CPU.ActiveCfg = Debug|Any CPU
		{54794857-9E50-4771-86D3-910A4D614B1E}.Debug|Any CPU.Build.0 = Debug|Any CPU
		{54794857-9E50-4771-86D3-910A4D614B1E}.Release|Any CPU.ActiveCfg = Release|Any CPU
		{54794857-9E50-4771-86D3-910A4D614B1E}.Release|Any CPU.Build.0 = Release|Any CPU
	EndGlobalSection
	GlobalSection(SolutionProperties) = preSolution
		HideSolutionNode = FALSE
	EndGlobalSection
	GlobalSection(ExtensibilityGlobals) = postSolution
		SolutionGuid = {36A5C291-A9B6-4E0D-A3A8-D3D5CBC230A2}
	EndGlobalSection
EndGlobal
